github.com/Masterminds/semver v1.5.0/go.mod h1:MB6lktGJrhw8PrUyiEoblNEGEQ+RzHPF078ddwwvV3Y=
github.com/analogj/go-bitbucket v0.4.0/go.mod h1:MxqZJ1LIpr+9NqE3KloUc6eZYdSbfi0WP5aKc8Q5mDE=
github.com/analogj/go-util v0.0.0-20200905200945-3b93d31215ae/go.mod h1:lJQVqFKMV5/oDGYR2bra2OljcF3CvolAoyDRyOA4k4E=
github.com/golang/mock v1.4.4/go.mod h1:l3mdAwkq5BuhzHwde/uurv3sEJeZMXNpwsxVWU71h+4=
github.com/k0kubun/pp v3.0.1+incompatible/go.mod h1:GWse8YhT0p8pT4ir3ZgBbfZild3tgzSScAn6HmfYukg=
github.com/mitchellh/mapstructure v1.3.3/go.mod h1:bFUtVrKA4DC2yAKiSyO/QUcy7e+RRV2QTWOzhPopBRo=
github.com/packagrio/go-common v0.0.5 h1:kKXwg+Vm6rewn06X2Z4GcZrvfdglUcni68tUimquaG4=
github.com/packagrio/go-common v0.0.5/go.mod h1:FP3yg500eI/khJdj+AjnbhlHdpsbbyT85hquoxe/N28=
github.com/seborama/govcr v4.5.0+incompatible/go.mod h1:EgcISudCCYDLzbiAImJ8i7kk4+wTA44Kp+j4S0LhASI=
github.com/spf13/viper v1.7.1/go.mod h1:8WkrPz2fc9jxqZNCJI/76HCieCp4Q8HaLFoCha5qpdg=
github.com/stretchr/testify v1.7.0/go.mod h1:6Fq8oRcR53rry900zMqJjRRixrwX3KX962/h/Wwjteg=
github.com/urfave/cli v1.22.5/go.mod h1:Gos4lmkARVdJ6EkW0WaNv/tZAAMe9V7XWyB60NtXRu0=
golang.org/x/oauth2 v0.0.0-20200107190931-bf48bf16ab8d/go.mod h1:gOpvHmFTYa4IltrdGE7lF6nIHvwfUNPOp7c8zoXwtLw=
gopkg.in/libgit2/git2go.v25 v25.1.0/go.mod h1:9J2SB7jVeRmLUFiUp5yqk2qAToco2ocSLkY/VOoxhkM=
gopkg.in/yaml.v2 v2.3.0/go.mod h1:hI93XBmqTisBFMUTm0b8Fm+jr3Dg1NNxqwp+5A1VGuI=
